// !$*UTF8*$!
{
	archiveVersion = 1;
	classes = {
	};
	objectVersion = 56;
	objects = {

/* Begin PBXBuildFile section */
		250515982C75D27400EC37B5 /* Guide.swift in Sources */ = {isa = PBXBuildFile; fileRef = 250515972C75D27400EC37B5 /* Guide.swift */; };
		253168BC2C6618A600B65BC6 /* WhatsNewSheet.swift in Sources */ = {isa = PBXBuildFile; fileRef = 253168BB2C6618A600B65BC6 /* WhatsNewSheet.swift */; };
		25A1552F2C54BEAC0034EAC4 /* GrizzcoHandbookApp.swift in Sources */ = {isa = PBXBuildFile; fileRef = 25A1552E2C54BEAC0034EAC4 /* GrizzcoHandbookApp.swift */; };
		25A155312C54BEAC0034EAC4 /* Handbook.swift in Sources */ = {isa = PBXBuildFile; fileRef = 25A155302C54BEAC0034EAC4 /* Handbook.swift */; };
		25A155332C54BEAD0034EAC4 /* Assets.xcassets in Resources */ = {isa = PBXBuildFile; fileRef = 25A155322C54BEAD0034EAC4 /* Assets.xcassets */; };
		25A155362C54BEAD0034EAC4 /* Preview Assets.xcassets in Resources */ = {isa = PBXBuildFile; fileRef = 25A155352C54BEAD0034EAC4 /* Preview Assets.xcassets */; };
		25A1553E2C54BEE40034EAC4 /* FieldGuide.json in Resources */ = {isa = PBXBuildFile; fileRef = 25A1553D2C54BEE40034EAC4 /* FieldGuide.json */; };
		25A155402C54BEFF0034EAC4 /* handbook.json in Resources */ = {isa = PBXBuildFile; fileRef = 25A1553F2C54BEFF0034EAC4 /* handbook.json */; };
		25A155422C54BF150034EAC4 /* StageFetch.swift in Sources */ = {isa = PBXBuildFile; fileRef = 25A155412C54BF150034EAC4 /* StageFetch.swift */; };
		25A155442C54BF290034EAC4 /* Model.swift in Sources */ = {isa = PBXBuildFile; fileRef = 25A155432C54BF290034EAC4 /* Model.swift */; };
		25A155482C54BF4D0034EAC4 /* CountdownView.swift in Sources */ = {isa = PBXBuildFile; fileRef = 25A155472C54BF4D0034EAC4 /* CountdownView.swift */; };
		25A1554A2C54BF5C0034EAC4 /* Data.swift in Sources */ = {isa = PBXBuildFile; fileRef = 25A155492C54BF5C0034EAC4 /* Data.swift */; };
		25A1554D2C54BF810034EAC4 /* StageView.swift in Sources */ = {isa = PBXBuildFile; fileRef = 25A1554C2C54BF810034EAC4 /* StageView.swift */; };
		25A1554F2C54BF920034EAC4 /* EggstraWorkView.swift in Sources */ = {isa = PBXBuildFile; fileRef = 25A1554E2C54BF920034EAC4 /* EggstraWorkView.swift */; };
		25A155542C54BFC90034EAC4 /* FieldGuide.swift in Sources */ = {isa = PBXBuildFile; fileRef = 25A155532C54BFC90034EAC4 /* FieldGuide.swift */; };
		25A155562C54BFD80034EAC4 /* SalmonRunListView.swift in Sources */ = {isa = PBXBuildFile; fileRef = 25A155552C54BFD80034EAC4 /* SalmonRunListView.swift */; };
		25A155582C54BFE80034EAC4 /* tabView.swift in Sources */ = {isa = PBXBuildFile; fileRef = 25A155572C54BFE80034EAC4 /* tabView.swift */; };
		25A1555C2C54C0020034EAC4 /* SalmonRunRow.swift in Sources */ = {isa = PBXBuildFile; fileRef = 25A1555B2C54C0020034EAC4 /* SalmonRunRow.swift */; };
		25A1555E2C54C0110034EAC4 /* GrizzcoDetail.swift in Sources */ = {isa = PBXBuildFile; fileRef = 25A1555D2C54C0110034EAC4 /* GrizzcoDetail.swift */; };
		25A155602C54C01C0034EAC4 /* GrizzcoRow.swift in Sources */ = {isa = PBXBuildFile; fileRef = 25A1555F2C54C01C0034EAC4 /* GrizzcoRow.swift */; };
		25A155682C54C27D0034EAC4 /* GrizzcoHandbookWatchApp.swift in Sources */ = {isa = PBXBuildFile; fileRef = 25A155672C54C27D0034EAC4 /* GrizzcoHandbookWatchApp.swift */; };
		25A1556A2C54C27D0034EAC4 /* ContentView.swift in Sources */ = {isa = PBXBuildFile; fileRef = 25A155692C54C27D0034EAC4 /* ContentView.swift */; };
		25A1556C2C54C27F0034EAC4 /* Assets.xcassets in Resources */ = {isa = PBXBuildFile; fileRef = 25A1556B2C54C27F0034EAC4 /* Assets.xcassets */; };
		25A1556F2C54C27F0034EAC4 /* Preview Assets.xcassets in Resources */ = {isa = PBXBuildFile; fileRef = 25A1556E2C54C27F0034EAC4 /* Preview Assets.xcassets */; };
		25A155722C54C27F0034EAC4 /* Grizzco Handbook.app in Embed Watch Content */ = {isa = PBXBuildFile; fileRef = 25A155652C54C27D0034EAC4 /* Grizzco Handbook.app */; settings = {ATTRIBUTES = (RemoveHeadersOnCopy, ); }; };
		25A155782C54C2E50034EAC4 /* CountdownView.swift in Sources */ = {isa = PBXBuildFile; fileRef = 25A155772C54C2E50034EAC4 /* CountdownView.swift */; };
		25A1557A2C54C2F10034EAC4 /* BossView.swift in Sources */ = {isa = PBXBuildFile; fileRef = 25A155792C54C2F10034EAC4 /* BossView.swift */; };
		25A1557D2C54C31F0034EAC4 /* TabView.swift in Sources */ = {isa = PBXBuildFile; fileRef = 25A1557C2C54C31F0034EAC4 /* TabView.swift */; };
		25A1557F2C54C3300034EAC4 /* WeaponView.swift in Sources */ = {isa = PBXBuildFile; fileRef = 25A1557E2C54C3300034EAC4 /* WeaponView.swift */; };
		25A155812C54C3670034EAC4 /* StageFetch.swift in Sources */ = {isa = PBXBuildFile; fileRef = 25A155802C54C3670034EAC4 /* StageFetch.swift */; };
		25BABCD82C6F63460029CD31 /* SalmonRunListView.swift in Sources */ = {isa = PBXBuildFile; fileRef = 25BABCD72C6F63460029CD31 /* SalmonRunListView.swift */; };
		25BABCDA2C6F636C0029CD31 /* SalmonRunRow.swift in Sources */ = {isa = PBXBuildFile; fileRef = 25BABCD92C6F636C0029CD31 /* SalmonRunRow.swift */; };
		25BABCDC2C6F65FE0029CD31 /* UpcomingCountdown.swift in Sources */ = {isa = PBXBuildFile; fileRef = 25BABCDB2C6F65FE0029CD31 /* UpcomingCountdown.swift */; };
		25D420EB2C62FEE400B3556A /* WhatsNewKit in Frameworks */ = {isa = PBXBuildFile; productRef = 25D420EA2C62FEE400B3556A /* WhatsNewKit */; };
/* End PBXBuildFile section */

/* Begin PBXContainerItemProxy section */
		25A155702C54C27F0034EAC4 /* PBXContainerItemProxy */ = {
			isa = PBXContainerItemProxy;
			containerPortal = 25A155232C54BEAC0034EAC4 /* Project object */;
			proxyType = 1;
			remoteGlobalIDString = 25A155642C54C27D0034EAC4;
			remoteInfo = "GrizzcoHandbookWatch Watch App";
		};
/* End PBXContainerItemProxy section */

/* Begin PBXCopyFilesBuildPhase section */
		25A155762C54C27F0034EAC4 /* Embed Watch Content */ = {
			isa = PBXCopyFilesBuildPhase;
			buildActionMask = 2147483647;
			dstPath = "$(CONTENTS_FOLDER_PATH)/Watch";
			dstSubfolderSpec = 16;
			files = (
				25A155722C54C27F0034EAC4 /* Grizzco Handbook.app in Embed Watch Content */,
			);
			name = "Embed Watch Content";
			runOnlyForDeploymentPostprocessing = 0;
		};
/* End PBXCopyFilesBuildPhase section */

/* Begin PBXFileReference section */
		250515972C75D27400EC37B5 /* Guide.swift */ = {isa = PBXFileReference; lastKnownFileType = sourcecode.swift; path = Guide.swift; sourceTree = "<group>"; };
		253168BB2C6618A600B65BC6 /* WhatsNewSheet.swift */ = {isa = PBXFileReference; lastKnownFileType = sourcecode.swift; path = WhatsNewSheet.swift; sourceTree = "<group>"; };
		25A1552B2C54BEAC0034EAC4 /* GrizzcoHandbook.app */ = {isa = PBXFileReference; explicitFileType = wrapper.application; includeInIndex = 0; path = GrizzcoHandbook.app; sourceTree = BUILT_PRODUCTS_DIR; };
		25A1552E2C54BEAC0034EAC4 /* GrizzcoHandbookApp.swift */ = {isa = PBXFileReference; lastKnownFileType = sourcecode.swift; path = GrizzcoHandbookApp.swift; sourceTree = "<group>"; };
		25A155302C54BEAC0034EAC4 /* Handbook.swift */ = {isa = PBXFileReference; lastKnownFileType = sourcecode.swift; path = Handbook.swift; sourceTree = "<group>"; };
		25A155322C54BEAD0034EAC4 /* Assets.xcassets */ = {isa = PBXFileReference; lastKnownFileType = folder.assetcatalog; path = Assets.xcassets; sourceTree = "<group>"; };
		25A155352C54BEAD0034EAC4 /* Preview Assets.xcassets */ = {isa = PBXFileReference; lastKnownFileType = folder.assetcatalog; path = "Preview Assets.xcassets"; sourceTree = "<group>"; };
		25A1553D2C54BEE40034EAC4 /* FieldGuide.json */ = {isa = PBXFileReference; lastKnownFileType = text.json; path = FieldGuide.json; sourceTree = "<group>"; };
		25A1553F2C54BEFF0034EAC4 /* handbook.json */ = {isa = PBXFileReference; lastKnownFileType = text.json; path = handbook.json; sourceTree = "<group>"; };
		25A155412C54BF150034EAC4 /* StageFetch.swift */ = {isa = PBXFileReference; lastKnownFileType = sourcecode.swift; path = StageFetch.swift; sourceTree = "<group>"; };
		25A155432C54BF290034EAC4 /* Model.swift */ = {isa = PBXFileReference; lastKnownFileType = sourcecode.swift; path = Model.swift; sourceTree = "<group>"; };
		25A155472C54BF4D0034EAC4 /* CountdownView.swift */ = {isa = PBXFileReference; lastKnownFileType = sourcecode.swift; path = CountdownView.swift; sourceTree = "<group>"; };
		25A155492C54BF5C0034EAC4 /* Data.swift */ = {isa = PBXFileReference; lastKnownFileType = sourcecode.swift; path = Data.swift; sourceTree = "<group>"; };
		25A1554C2C54BF810034EAC4 /* StageView.swift */ = {isa = PBXFileReference; lastKnownFileType = sourcecode.swift; path = StageView.swift; sourceTree = "<group>"; };
		25A1554E2C54BF920034EAC4 /* EggstraWorkView.swift */ = {isa = PBXFileReference; lastKnownFileType = sourcecode.swift; path = EggstraWorkView.swift; sourceTree = "<group>"; };
		25A155532C54BFC90034EAC4 /* FieldGuide.swift */ = {isa = PBXFileReference; lastKnownFileType = sourcecode.swift; path = FieldGuide.swift; sourceTree = "<group>"; };
		25A155552C54BFD80034EAC4 /* SalmonRunListView.swift */ = {isa = PBXFileReference; lastKnownFileType = sourcecode.swift; path = SalmonRunListView.swift; sourceTree = "<group>"; };
		25A155572C54BFE80034EAC4 /* tabView.swift */ = {isa = PBXFileReference; lastKnownFileType = sourcecode.swift; path = tabView.swift; sourceTree = "<group>"; };
		25A1555B2C54C0020034EAC4 /* SalmonRunRow.swift */ = {isa = PBXFileReference; lastKnownFileType = sourcecode.swift; path = SalmonRunRow.swift; sourceTree = "<group>"; };
		25A1555D2C54C0110034EAC4 /* GrizzcoDetail.swift */ = {isa = PBXFileReference; lastKnownFileType = sourcecode.swift; path = GrizzcoDetail.swift; sourceTree = "<group>"; };
		25A1555F2C54C01C0034EAC4 /* GrizzcoRow.swift */ = {isa = PBXFileReference; lastKnownFileType = sourcecode.swift; path = GrizzcoRow.swift; sourceTree = "<group>"; };
		25A155652C54C27D0034EAC4 /* Grizzco Handbook.app */ = {isa = PBXFileReference; explicitFileType = wrapper.application; includeInIndex = 0; path = "Grizzco Handbook.app"; sourceTree = BUILT_PRODUCTS_DIR; };
		25A155672C54C27D0034EAC4 /* GrizzcoHandbookWatchApp.swift */ = {isa = PBXFileReference; lastKnownFileType = sourcecode.swift; path = GrizzcoHandbookWatchApp.swift; sourceTree = "<group>"; };
		25A155692C54C27D0034EAC4 /* ContentView.swift */ = {isa = PBXFileReference; lastKnownFileType = sourcecode.swift; path = ContentView.swift; sourceTree = "<group>"; };
		25A1556B2C54C27F0034EAC4 /* Assets.xcassets */ = {isa = PBXFileReference; lastKnownFileType = folder.assetcatalog; path = Assets.xcassets; sourceTree = "<group>"; };
		25A1556E2C54C27F0034EAC4 /* Preview Assets.xcassets */ = {isa = PBXFileReference; lastKnownFileType = folder.assetcatalog; path = "Preview Assets.xcassets"; sourceTree = "<group>"; };
		25A155772C54C2E50034EAC4 /* CountdownView.swift */ = {isa = PBXFileReference; lastKnownFileType = sourcecode.swift; path = CountdownView.swift; sourceTree = "<group>"; };
		25A155792C54C2F10034EAC4 /* BossView.swift */ = {isa = PBXFileReference; lastKnownFileType = sourcecode.swift; path = BossView.swift; sourceTree = "<group>"; };
		25A1557C2C54C31F0034EAC4 /* TabView.swift */ = {isa = PBXFileReference; lastKnownFileType = sourcecode.swift; path = TabView.swift; sourceTree = "<group>"; };
		25A1557E2C54C3300034EAC4 /* WeaponView.swift */ = {isa = PBXFileReference; lastKnownFileType = sourcecode.swift; path = WeaponView.swift; sourceTree = "<group>"; };
		25A155802C54C3670034EAC4 /* StageFetch.swift */ = {isa = PBXFileReference; lastKnownFileType = sourcecode.swift; path = StageFetch.swift; sourceTree = "<group>"; };
		25BABCD72C6F63460029CD31 /* SalmonRunListView.swift */ = {isa = PBXFileReference; lastKnownFileType = sourcecode.swift; path = SalmonRunListView.swift; sourceTree = "<group>"; };
		25BABCD92C6F636C0029CD31 /* SalmonRunRow.swift */ = {isa = PBXFileReference; lastKnownFileType = sourcecode.swift; path = SalmonRunRow.swift; sourceTree = "<group>"; };
		25BABCDB2C6F65FE0029CD31 /* UpcomingCountdown.swift */ = {isa = PBXFileReference; lastKnownFileType = sourcecode.swift; path = UpcomingCountdown.swift; sourceTree = "<group>"; };
/* End PBXFileReference section */

/* Begin PBXFrameworksBuildPhase section */
		25A155282C54BEAC0034EAC4 /* Frameworks */ = {
			isa = PBXFrameworksBuildPhase;
			buildActionMask = 2147483647;
			files = (
				25D420EB2C62FEE400B3556A /* WhatsNewKit in Frameworks */,
			);
			runOnlyForDeploymentPostprocessing = 0;
		};
		25A155622C54C27D0034EAC4 /* Frameworks */ = {
			isa = PBXFrameworksBuildPhase;
			buildActionMask = 2147483647;
			files = (
			);
			runOnlyForDeploymentPostprocessing = 0;
		};
/* End PBXFrameworksBuildPhase section */

/* Begin PBXGroup section */
		250515992C75DAA300EC37B5 /* Guides */ = {
			isa = PBXGroup;
			children = (
				250515972C75D27400EC37B5 /* Guide.swift */,
				25A1555D2C54C0110034EAC4 /* GrizzcoDetail.swift */,
				25A1555F2C54C01C0034EAC4 /* GrizzcoRow.swift */,
				25A155302C54BEAC0034EAC4 /* Handbook.swift */,
				25A155532C54BFC90034EAC4 /* FieldGuide.swift */,
			);
			path = Guides;
			sourceTree = "<group>";
		};
		2505159A2C75DABC00EC37B5 /* Upcoming */ = {
			isa = PBXGroup;
			children = (
				25A1555B2C54C0020034EAC4 /* SalmonRunRow.swift */,
				25A155552C54BFD80034EAC4 /* SalmonRunListView.swift */,
			);
			path = Upcoming;
			sourceTree = "<group>";
		};
		25A155222C54BEAC0034EAC4 = {
			isa = PBXGroup;
			children = (
				25A1552D2C54BEAC0034EAC4 /* GrizzcoHandbook */,
				25A155662C54C27D0034EAC4 /* GrizzcoHandbookWatch Watch App */,
				25A1552C2C54BEAC0034EAC4 /* Products */,
			);
			sourceTree = "<group>";
		};
		25A1552C2C54BEAC0034EAC4 /* Products */ = {
			isa = PBXGroup;
			children = (
				25A1552B2C54BEAC0034EAC4 /* GrizzcoHandbook.app */,
				25A155652C54C27D0034EAC4 /* Grizzco Handbook.app */,
			);
			name = Products;
			sourceTree = "<group>";
		};
		25A1552D2C54BEAC0034EAC4 /* GrizzcoHandbook */ = {
			isa = PBXGroup;
			children = (
				25A1554B2C54BF780034EAC4 /* Views */,
				25A1552E2C54BEAC0034EAC4 /* GrizzcoHandbookApp.swift */,
				25A1553C2C54BECE0034EAC4 /* Helpers */,
				25A155322C54BEAD0034EAC4 /* Assets.xcassets */,
				25A155342C54BEAD0034EAC4 /* Preview Content */,
			);
			path = GrizzcoHandbook;
			sourceTree = "<group>";
		};
		25A155342C54BEAD0034EAC4 /* Preview Content */ = {
			isa = PBXGroup;
			children = (
				25A155352C54BEAD0034EAC4 /* Preview Assets.xcassets */,
			);
			path = "Preview Content";
			sourceTree = "<group>";
		};
		25A1553C2C54BECE0034EAC4 /* Helpers */ = {
			isa = PBXGroup;
			children = (
				253168BB2C6618A600B65BC6 /* WhatsNewSheet.swift */,
				25A1553D2C54BEE40034EAC4 /* FieldGuide.json */,
				25A1553F2C54BEFF0034EAC4 /* handbook.json */,
				25A155412C54BF150034EAC4 /* StageFetch.swift */,
				25A155432C54BF290034EAC4 /* Model.swift */,
				25A155472C54BF4D0034EAC4 /* CountdownView.swift */,
				25A155492C54BF5C0034EAC4 /* Data.swift */,
			);
			path = Helpers;
			sourceTree = "<group>";
		};
		25A1554B2C54BF780034EAC4 /* Views */ = {
			isa = PBXGroup;
			children = (
				250515992C75DAA300EC37B5 /* Guides */,
				2505159A2C75DABC00EC37B5 /* Upcoming */,
				25A1554C2C54BF810034EAC4 /* StageView.swift */,
				25A1554E2C54BF920034EAC4 /* EggstraWorkView.swift */,
				25A155572C54BFE80034EAC4 /* tabView.swift */,
			);
			path = Views;
			sourceTree = "<group>";
		};
		25A155662C54C27D0034EAC4 /* GrizzcoHandbookWatch Watch App */ = {
			isa = PBXGroup;
			children = (
				25A155672C54C27D0034EAC4 /* GrizzcoHandbookWatchApp.swift */,
				25BABCD62C6F630F0029CD31 /* Views */,
				25A1556B2C54C27F0034EAC4 /* Assets.xcassets */,
				25A1556D2C54C27F0034EAC4 /* Preview Content */,
				25BABCD52C6F62FB0029CD31 /* Helpers */,
			);
			path = "GrizzcoHandbookWatch Watch App";
			sourceTree = "<group>";
		};
		25A1556D2C54C27F0034EAC4 /* Preview Content */ = {
			isa = PBXGroup;
			children = (
				25A1556E2C54C27F0034EAC4 /* Preview Assets.xcassets */,
			);
			path = "Preview Content";
			sourceTree = "<group>";
		};
		25BABCD52C6F62FB0029CD31 /* Helpers */ = {
			isa = PBXGroup;
			children = (
				25A155772C54C2E50034EAC4 /* CountdownView.swift */,
				25A155802C54C3670034EAC4 /* StageFetch.swift */,
				25BABCDB2C6F65FE0029CD31 /* UpcomingCountdown.swift */,
			);
			path = Helpers;
			sourceTree = "<group>";
		};
		25BABCD62C6F630F0029CD31 /* Views */ = {
			isa = PBXGroup;
			children = (
				25A155692C54C27D0034EAC4 /* ContentView.swift */,
				25A155792C54C2F10034EAC4 /* BossView.swift */,
				25A1557C2C54C31F0034EAC4 /* TabView.swift */,
				25A1557E2C54C3300034EAC4 /* WeaponView.swift */,
				25BABCD72C6F63460029CD31 /* SalmonRunListView.swift */,
				25BABCD92C6F636C0029CD31 /* SalmonRunRow.swift */,
			);
			path = Views;
			sourceTree = "<group>";
		};
/* End PBXGroup section */

/* Begin PBXNativeTarget section */
		25A1552A2C54BEAC0034EAC4 /* GrizzcoHandbook */ = {
			isa = PBXNativeTarget;
			buildConfigurationList = 25A155392C54BEAD0034EAC4 /* Build configuration list for PBXNativeTarget "GrizzcoHandbook" */;
			buildPhases = (
				25A155272C54BEAC0034EAC4 /* Sources */,
				25A155282C54BEAC0034EAC4 /* Frameworks */,
				25A155292C54BEAC0034EAC4 /* Resources */,
				25A155762C54C27F0034EAC4 /* Embed Watch Content */,
			);
			buildRules = (
			);
			dependencies = (
				25A155712C54C27F0034EAC4 /* PBXTargetDependency */,
			);
			name = GrizzcoHandbook;
			packageProductDependencies = (
				25D420EA2C62FEE400B3556A /* WhatsNewKit */,
			);
			productName = GrizzcoHandbook;
			productReference = 25A1552B2C54BEAC0034EAC4 /* GrizzcoHandbook.app */;
			productType = "com.apple.product-type.application";
		};
		25A155642C54C27D0034EAC4 /* GrizzcoHandbookWatch Watch App */ = {
			isa = PBXNativeTarget;
			buildConfigurationList = 25A155732C54C27F0034EAC4 /* Build configuration list for PBXNativeTarget "GrizzcoHandbookWatch Watch App" */;
			buildPhases = (
				25A155612C54C27D0034EAC4 /* Sources */,
				25A155622C54C27D0034EAC4 /* Frameworks */,
				25A155632C54C27D0034EAC4 /* Resources */,
			);
			buildRules = (
			);
			dependencies = (
			);
			name = "GrizzcoHandbookWatch Watch App";
			packageProductDependencies = (
			);
			productName = "GrizzcoHandbookWatch Watch App";
			productReference = 25A155652C54C27D0034EAC4 /* Grizzco Handbook.app */;
			productType = "com.apple.product-type.application";
		};
/* End PBXNativeTarget section */

/* Begin PBXProject section */
		25A155232C54BEAC0034EAC4 /* Project object */ = {
			isa = PBXProject;
			attributes = {
				BuildIndependentTargetsInParallel = 1;
				LastSwiftUpdateCheck = 1540;
				LastUpgradeCheck = 1540;
				TargetAttributes = {
					25A1552A2C54BEAC0034EAC4 = {
						CreatedOnToolsVersion = 15.4;
					};
					25A155642C54C27D0034EAC4 = {
						CreatedOnToolsVersion = 15.4;
					};
				};
			};
			buildConfigurationList = 25A155262C54BEAC0034EAC4 /* Build configuration list for PBXProject "GrizzcoHandbook" */;
			compatibilityVersion = "Xcode 14.0";
			developmentRegion = en;
			hasScannedForEncodings = 0;
			knownRegions = (
				en,
				Base,
			);
			mainGroup = 25A155222C54BEAC0034EAC4;
			packageReferences = (
				25A155502C54BFB80034EAC4 /* XCRemoteSwiftPackageReference "WhatsNewKit" */,
			);
			productRefGroup = 25A1552C2C54BEAC0034EAC4 /* Products */;
			projectDirPath = "";
			projectRoot = "";
			targets = (
				25A1552A2C54BEAC0034EAC4 /* GrizzcoHandbook */,
				25A155642C54C27D0034EAC4 /* GrizzcoHandbookWatch Watch App */,
			);
		};
/* End PBXProject section */

/* Begin PBXResourcesBuildPhase section */
		25A155292C54BEAC0034EAC4 /* Resources */ = {
			isa = PBXResourcesBuildPhase;
			buildActionMask = 2147483647;
			files = (
				25A1553E2C54BEE40034EAC4 /* FieldGuide.json in Resources */,
				25A155362C54BEAD0034EAC4 /* Preview Assets.xcassets in Resources */,
				25A155332C54BEAD0034EAC4 /* Assets.xcassets in Resources */,
				25A155402C54BEFF0034EAC4 /* handbook.json in Resources */,
			);
			runOnlyForDeploymentPostprocessing = 0;
		};
		25A155632C54C27D0034EAC4 /* Resources */ = {
			isa = PBXResourcesBuildPhase;
			buildActionMask = 2147483647;
			files = (
				25A1556F2C54C27F0034EAC4 /* Preview Assets.xcassets in Resources */,
				25A1556C2C54C27F0034EAC4 /* Assets.xcassets in Resources */,
			);
			runOnlyForDeploymentPostprocessing = 0;
		};
/* End PBXResourcesBuildPhase section */

/* Begin PBXSourcesBuildPhase section */
		25A155272C54BEAC0034EAC4 /* Sources */ = {
			isa = PBXSourcesBuildPhase;
			buildActionMask = 2147483647;
			files = (
				25A155562C54BFD80034EAC4 /* SalmonRunListView.swift in Sources */,
				25A1554A2C54BF5C0034EAC4 /* Data.swift in Sources */,
				25A155542C54BFC90034EAC4 /* FieldGuide.swift in Sources */,
				25A1555E2C54C0110034EAC4 /* GrizzcoDetail.swift in Sources */,
				250515982C75D27400EC37B5 /* Guide.swift in Sources */,
				25A1554D2C54BF810034EAC4 /* StageView.swift in Sources */,
				25A155482C54BF4D0034EAC4 /* CountdownView.swift in Sources */,
				25A1555C2C54C0020034EAC4 /* SalmonRunRow.swift in Sources */,
				25A155582C54BFE80034EAC4 /* tabView.swift in Sources */,
				25A155312C54BEAC0034EAC4 /* Handbook.swift in Sources */,
				25A1552F2C54BEAC0034EAC4 /* GrizzcoHandbookApp.swift in Sources */,
				25A155422C54BF150034EAC4 /* StageFetch.swift in Sources */,
				25A155602C54C01C0034EAC4 /* GrizzcoRow.swift in Sources */,
				25A155442C54BF290034EAC4 /* Model.swift in Sources */,
				25A1554F2C54BF920034EAC4 /* EggstraWorkView.swift in Sources */,
				253168BC2C6618A600B65BC6 /* WhatsNewSheet.swift in Sources */,
			);
			runOnlyForDeploymentPostprocessing = 0;
		};
		25A155612C54C27D0034EAC4 /* Sources */ = {
			isa = PBXSourcesBuildPhase;
			buildActionMask = 2147483647;
			files = (
				25A1557D2C54C31F0034EAC4 /* TabView.swift in Sources */,
				25BABCDA2C6F636C0029CD31 /* SalmonRunRow.swift in Sources */,
				25A155782C54C2E50034EAC4 /* CountdownView.swift in Sources */,
				25A1556A2C54C27D0034EAC4 /* ContentView.swift in Sources */,
				25BABCD82C6F63460029CD31 /* SalmonRunListView.swift in Sources */,
				25BABCDC2C6F65FE0029CD31 /* UpcomingCountdown.swift in Sources */,
				25A155682C54C27D0034EAC4 /* GrizzcoHandbookWatchApp.swift in Sources */,
				25A1557F2C54C3300034EAC4 /* WeaponView.swift in Sources */,
				25A155812C54C3670034EAC4 /* StageFetch.swift in Sources */,
				25A1557A2C54C2F10034EAC4 /* BossView.swift in Sources */,
			);
			runOnlyForDeploymentPostprocessing = 0;
		};
/* End PBXSourcesBuildPhase section */

/* Begin PBXTargetDependency section */
		25A155712C54C27F0034EAC4 /* PBXTargetDependency */ = {
			isa = PBXTargetDependency;
			target = 25A155642C54C27D0034EAC4 /* GrizzcoHandbookWatch Watch App */;
			targetProxy = 25A155702C54C27F0034EAC4 /* PBXContainerItemProxy */;
		};
/* End PBXTargetDependency section */

/* Begin XCBuildConfiguration section */
		25A155372C54BEAD0034EAC4 /* Debug */ = {
			isa = XCBuildConfiguration;
			buildSettings = {
				ALWAYS_SEARCH_USER_PATHS = NO;
				ASSETCATALOG_COMPILER_GENERATE_SWIFT_ASSET_SYMBOL_EXTENSIONS = YES;
				CLANG_ANALYZER_NONNULL = YES;
				CLANG_ANALYZER_NUMBER_OBJECT_CONVERSION = YES_AGGRESSIVE;
				CLANG_CXX_LANGUAGE_STANDARD = "gnu++20";
				CLANG_ENABLE_MODULES = YES;
				CLANG_ENABLE_OBJC_ARC = YES;
				CLANG_ENABLE_OBJC_WEAK = YES;
				CLANG_WARN_BLOCK_CAPTURE_AUTORELEASING = YES;
				CLANG_WARN_BOOL_CONVERSION = YES;
				CLANG_WARN_COMMA = YES;
				CLANG_WARN_CONSTANT_CONVERSION = YES;
				CLANG_WARN_DEPRECATED_OBJC_IMPLEMENTATIONS = YES;
				CLANG_WARN_DIRECT_OBJC_ISA_USAGE = YES_ERROR;
				CLANG_WARN_DOCUMENTATION_COMMENTS = YES;
				CLANG_WARN_EMPTY_BODY = YES;
				CLANG_WARN_ENUM_CONVERSION = YES;
				CLANG_WARN_INFINITE_RECURSION = YES;
				CLANG_WARN_INT_CONVERSION = YES;
				CLANG_WARN_NON_LITERAL_NULL_CONVERSION = YES;
				CLANG_WARN_OBJC_IMPLICIT_RETAIN_SELF = YES;
				CLANG_WARN_OBJC_LITERAL_CONVERSION = YES;
				CLANG_WARN_OBJC_ROOT_CLASS = YES_ERROR;
				CLANG_WARN_QUOTED_INCLUDE_IN_FRAMEWORK_HEADER = YES;
				CLANG_WARN_RANGE_LOOP_ANALYSIS = YES;
				CLANG_WARN_STRICT_PROTOTYPES = YES;
				CLANG_WARN_SUSPICIOUS_MOVE = YES;
				CLANG_WARN_UNGUARDED_AVAILABILITY = YES_AGGRESSIVE;
				CLANG_WARN_UNREACHABLE_CODE = YES;
				CLANG_WARN__DUPLICATE_METHOD_MATCH = YES;
				COPY_PHASE_STRIP = NO;
				DEBUG_INFORMATION_FORMAT = dwarf;
				ENABLE_STRICT_OBJC_MSGSEND = YES;
				ENABLE_TESTABILITY = YES;
				ENABLE_USER_SCRIPT_SANDBOXING = YES;
				GCC_C_LANGUAGE_STANDARD = gnu17;
				GCC_DYNAMIC_NO_PIC = NO;
				GCC_NO_COMMON_BLOCKS = YES;
				GCC_OPTIMIZATION_LEVEL = 0;
				GCC_PREPROCESSOR_DEFINITIONS = (
					"DEBUG=1",
					"$(inherited)",
				);
				GCC_WARN_64_TO_32_BIT_CONVERSION = YES;
				GCC_WARN_ABOUT_RETURN_TYPE = YES_ERROR;
				GCC_WARN_UNDECLARED_SELECTOR = YES;
				GCC_WARN_UNINITIALIZED_AUTOS = YES_AGGRESSIVE;
				GCC_WARN_UNUSED_FUNCTION = YES;
				GCC_WARN_UNUSED_VARIABLE = YES;
				IPHONEOS_DEPLOYMENT_TARGET = 17.5;
				LOCALIZATION_PREFERS_STRING_CATALOGS = YES;
				MTL_ENABLE_DEBUG_INFO = INCLUDE_SOURCE;
				MTL_FAST_MATH = YES;
				ONLY_ACTIVE_ARCH = YES;
				SDKROOT = iphoneos;
				SWIFT_ACTIVE_COMPILATION_CONDITIONS = "DEBUG $(inherited)";
				SWIFT_OPTIMIZATION_LEVEL = "-Onone";
			};
			name = Debug;
		};
		25A155382C54BEAD0034EAC4 /* Release */ = {
			isa = XCBuildConfiguration;
			buildSettings = {
				ALWAYS_SEARCH_USER_PATHS = NO;
				ASSETCATALOG_COMPILER_GENERATE_SWIFT_ASSET_SYMBOL_EXTENSIONS = YES;
				CLANG_ANALYZER_NONNULL = YES;
				CLANG_ANALYZER_NUMBER_OBJECT_CONVERSION = YES_AGGRESSIVE;
				CLANG_CXX_LANGUAGE_STANDARD = "gnu++20";
				CLANG_ENABLE_MODULES = YES;
				CLANG_ENABLE_OBJC_ARC = YES;
				CLANG_ENABLE_OBJC_WEAK = YES;
				CLANG_WARN_BLOCK_CAPTURE_AUTORELEASING = YES;
				CLANG_WARN_BOOL_CONVERSION = YES;
				CLANG_WARN_COMMA = YES;
				CLANG_WARN_CONSTANT_CONVERSION = YES;
				CLANG_WARN_DEPRECATED_OBJC_IMPLEMENTATIONS = YES;
				CLANG_WARN_DIRECT_OBJC_ISA_USAGE = YES_ERROR;
				CLANG_WARN_DOCUMENTATION_COMMENTS = YES;
				CLANG_WARN_EMPTY_BODY = YES;
				CLANG_WARN_ENUM_CONVERSION = YES;
				CLANG_WARN_INFINITE_RECURSION = YES;
				CLANG_WARN_INT_CONVERSION = YES;
				CLANG_WARN_NON_LITERAL_NULL_CONVERSION = YES;
				CLANG_WARN_OBJC_IMPLICIT_RETAIN_SELF = YES;
				CLANG_WARN_OBJC_LITERAL_CONVERSION = YES;
				CLANG_WARN_OBJC_ROOT_CLASS = YES_ERROR;
				CLANG_WARN_QUOTED_INCLUDE_IN_FRAMEWORK_HEADER = YES;
				CLANG_WARN_RANGE_LOOP_ANALYSIS = YES;
				CLANG_WARN_STRICT_PROTOTYPES = YES;
				CLANG_WARN_SUSPICIOUS_MOVE = YES;
				CLANG_WARN_UNGUARDED_AVAILABILITY = YES_AGGRESSIVE;
				CLANG_WARN_UNREACHABLE_CODE = YES;
				CLANG_WARN__DUPLICATE_METHOD_MATCH = YES;
				COPY_PHASE_STRIP = NO;
				DEBUG_INFORMATION_FORMAT = "dwarf-with-dsym";
				ENABLE_NS_ASSERTIONS = NO;
				ENABLE_STRICT_OBJC_MSGSEND = YES;
				ENABLE_USER_SCRIPT_SANDBOXING = YES;
				GCC_C_LANGUAGE_STANDARD = gnu17;
				GCC_NO_COMMON_BLOCKS = YES;
				GCC_WARN_64_TO_32_BIT_CONVERSION = YES;
				GCC_WARN_ABOUT_RETURN_TYPE = YES_ERROR;
				GCC_WARN_UNDECLARED_SELECTOR = YES;
				GCC_WARN_UNINITIALIZED_AUTOS = YES_AGGRESSIVE;
				GCC_WARN_UNUSED_FUNCTION = YES;
				GCC_WARN_UNUSED_VARIABLE = YES;
				IPHONEOS_DEPLOYMENT_TARGET = 17.5;
				LOCALIZATION_PREFERS_STRING_CATALOGS = YES;
				MTL_ENABLE_DEBUG_INFO = NO;
				MTL_FAST_MATH = YES;
				SDKROOT = iphoneos;
				SWIFT_COMPILATION_MODE = wholemodule;
				VALIDATE_PRODUCT = YES;
			};
			name = Release;
		};
		25A1553A2C54BEAD0034EAC4 /* Debug */ = {
			isa = XCBuildConfiguration;
			buildSettings = {
				ALWAYS_EMBED_SWIFT_STANDARD_LIBRARIES = YES;
				ASSETCATALOG_COMPILER_APPICON_NAME = AppIcon;
				ASSETCATALOG_COMPILER_GLOBAL_ACCENT_COLOR_NAME = AccentColor;
				CODE_SIGN_STYLE = Automatic;
				CURRENT_PROJECT_VERSION = 1;
				DEVELOPMENT_ASSET_PATHS = "\"GrizzcoHandbook/Preview Content\"";
				DEVELOPMENT_TEAM = 4TD3JXVDW7;
				ENABLE_PREVIEWS = YES;
				GENERATE_INFOPLIST_FILE = YES;
				INFOPLIST_KEY_CFBundleDisplayName = Grizzco;
				INFOPLIST_KEY_UIApplicationSceneManifest_Generation = YES;
				INFOPLIST_KEY_UIApplicationSupportsIndirectInputEvents = YES;
				INFOPLIST_KEY_UILaunchScreen_Generation = YES;
				INFOPLIST_KEY_UISupportedInterfaceOrientations = UIInterfaceOrientationPortrait;
				INFOPLIST_KEY_UISupportedInterfaceOrientations_iPad = "UIInterfaceOrientationLandscapeLeft UIInterfaceOrientationLandscapeRight UIInterfaceOrientationPortrait UIInterfaceOrientationPortraitUpsideDown";
				IPHONEOS_DEPLOYMENT_TARGET = 18.0;
				LD_RUNPATH_SEARCH_PATHS = (
					"$(inherited)",
					"@executable_path/Frameworks",
				);
				MARKETING_VERSION = 1.2;
				PRODUCT_BUNDLE_IDENTIFIER = com.benlawrence.GrizzcoHandbook;
				PRODUCT_NAME = "$(TARGET_NAME)";
				SUPPORTED_PLATFORMS = "iphoneos iphonesimulator";
				SUPPORTS_MACCATALYST = NO;
				SUPPORTS_MAC_DESIGNED_FOR_IPHONE_IPAD = NO;
				SUPPORTS_XR_DESIGNED_FOR_IPHONE_IPAD = NO;
				SWIFT_EMIT_LOC_STRINGS = YES;
				SWIFT_VERSION = 5.0;
				TARGETED_DEVICE_FAMILY = "1,2";
			};
			name = Debug;
		};
		25A1553B2C54BEAD0034EAC4 /* Release */ = {
			isa = XCBuildConfiguration;
			buildSettings = {
				ALWAYS_EMBED_SWIFT_STANDARD_LIBRARIES = YES;
				ASSETCATALOG_COMPILER_APPICON_NAME = AppIcon;
				ASSETCATALOG_COMPILER_GLOBAL_ACCENT_COLOR_NAME = AccentColor;
				CODE_SIGN_STYLE = Automatic;
				CURRENT_PROJECT_VERSION = 1;
				DEVELOPMENT_ASSET_PATHS = "\"GrizzcoHandbook/Preview Content\"";
				DEVELOPMENT_TEAM = 4TD3JXVDW7;
				ENABLE_PREVIEWS = YES;
				GENERATE_INFOPLIST_FILE = YES;
				INFOPLIST_KEY_CFBundleDisplayName = Grizzco;
				INFOPLIST_KEY_UIApplicationSceneManifest_Generation = YES;
				INFOPLIST_KEY_UIApplicationSupportsIndirectInputEvents = YES;
				INFOPLIST_KEY_UILaunchScreen_Generation = YES;
				INFOPLIST_KEY_UISupportedInterfaceOrientations = UIInterfaceOrientationPortrait;
				INFOPLIST_KEY_UISupportedInterfaceOrientations_iPad = "UIInterfaceOrientationLandscapeLeft UIInterfaceOrientationLandscapeRight UIInterfaceOrientationPortrait UIInterfaceOrientationPortraitUpsideDown";
				IPHONEOS_DEPLOYMENT_TARGET = 18.0;
				LD_RUNPATH_SEARCH_PATHS = (
					"$(inherited)",
					"@executable_path/Frameworks",
				);
				MARKETING_VERSION = 1.2;
				PRODUCT_BUNDLE_IDENTIFIER = com.benlawrence.GrizzcoHandbook;
				PRODUCT_NAME = "$(TARGET_NAME)";
				SUPPORTED_PLATFORMS = "iphoneos iphonesimulator";
				SUPPORTS_MACCATALYST = NO;
				SUPPORTS_MAC_DESIGNED_FOR_IPHONE_IPAD = NO;
				SUPPORTS_XR_DESIGNED_FOR_IPHONE_IPAD = NO;
				SWIFT_EMIT_LOC_STRINGS = YES;
				SWIFT_VERSION = 5.0;
				TARGETED_DEVICE_FAMILY = "1,2";
			};
			name = Release;
		};
		25A155742C54C27F0034EAC4 /* Debug */ = {
			isa = XCBuildConfiguration;
			buildSettings = {
				ASSETCATALOG_COMPILER_APPICON_NAME = AppIcon;
				ASSETCATALOG_COMPILER_GLOBAL_ACCENT_COLOR_NAME = AccentColor;
				CODE_SIGN_STYLE = Automatic;
				CURRENT_PROJECT_VERSION = 1;
				DEVELOPMENT_ASSET_PATHS = "\"GrizzcoHandbookWatch Watch App/Preview Content\"";
				DEVELOPMENT_TEAM = 4TD3JXVDW7;
				ENABLE_PREVIEWS = YES;
				GENERATE_INFOPLIST_FILE = YES;
				INFOPLIST_KEY_UISupportedInterfaceOrientations = "UIInterfaceOrientationPortrait UIInterfaceOrientationPortraitUpsideDown";
				INFOPLIST_KEY_WKCompanionAppBundleIdentifier = com.benlawrence.GrizzcoHandbook;
				LD_RUNPATH_SEARCH_PATHS = (
					"$(inherited)",
					"@executable_path/Frameworks",
				);
				MARKETING_VERSION = 1.2;
				PRODUCT_BUNDLE_IDENTIFIER = com.benlawrence.GrizzcoHandbook.watchkitapp;
				PRODUCT_NAME = "Grizzco Handbook";
				SDKROOT = watchos;
				SKIP_INSTALL = YES;
				SWIFT_EMIT_LOC_STRINGS = YES;
				SWIFT_VERSION = 5.0;
				TARGETED_DEVICE_FAMILY = 4;
				WATCHOS_DEPLOYMENT_TARGET = 10.0;
			};
			name = Debug;
		};
		25A155752C54C27F0034EAC4 /* Release */ = {
			isa = XCBuildConfiguration;
			buildSettings = {
				ASSETCATALOG_COMPILER_APPICON_NAME = AppIcon;
				ASSETCATALOG_COMPILER_GLOBAL_ACCENT_COLOR_NAME = AccentColor;
				CODE_SIGN_STYLE = Automatic;
				CURRENT_PROJECT_VERSION = 1;
				DEVELOPMENT_ASSET_PATHS = "\"GrizzcoHandbookWatch Watch App/Preview Content\"";
				DEVELOPMENT_TEAM = 4TD3JXVDW7;
				ENABLE_PREVIEWS = YES;
				GENERATE_INFOPLIST_FILE = YES;
				INFOPLIST_KEY_UISupportedInterfaceOrientations = "UIInterfaceOrientationPortrait UIInterfaceOrientationPortraitUpsideDown";
				INFOPLIST_KEY_WKCompanionAppBundleIdentifier = com.benlawrence.GrizzcoHandbook;
				LD_RUNPATH_SEARCH_PATHS = (
					"$(inherited)",
					"@executable_path/Frameworks",
				);
				MARKETING_VERSION = 1.2;
				PRODUCT_BUNDLE_IDENTIFIER = com.benlawrence.GrizzcoHandbook.watchkitapp;
				PRODUCT_NAME = "Grizzco Handbook";
				SDKROOT = watchos;
				SKIP_INSTALL = YES;
				SWIFT_EMIT_LOC_STRINGS = YES;
				SWIFT_VERSION = 5.0;
				TARGETED_DEVICE_FAMILY = 4;
				WATCHOS_DEPLOYMENT_TARGET = 10.0;
			};
			name = Release;
		};
/* End XCBuildConfiguration section */

/* Begin XCConfigurationList section */
		25A155262C54BEAC0034EAC4 /* Build configuration list for PBXProject "GrizzcoHandbook" */ = {
			isa = XCConfigurationList;
			buildConfigurations = (
				25A155372C54BEAD0034EAC4 /* Debug */,
				25A155382C54BEAD0034EAC4 /* Release */,
			);
			defaultConfigurationIsVisible = 0;
			defaultConfigurationName = Release;
		};
		25A155392C54BEAD0034EAC4 /* Build configuration list for PBXNativeTarget "GrizzcoHandbook" */ = {
			isa = XCConfigurationList;
			buildConfigurations = (
				25A1553A2C54BEAD0034EAC4 /* Debug */,
				25A1553B2C54BEAD0034EAC4 /* Release */,
			);
			defaultConfigurationIsVisible = 0;
			defaultConfigurationName = Release;
		};
		25A155732C54C27F0034EAC4 /* Build configuration list for PBXNativeTarget "GrizzcoHandbookWatch Watch App" */ = {
			isa = XCConfigurationList;
			buildConfigurations = (
				25A155742C54C27F0034EAC4 /* Debug */,
				25A155752C54C27F0034EAC4 /* Release */,
			);
			defaultConfigurationIsVisible = 0;
			defaultConfigurationName = Release;
		};
/* End XCConfigurationList section */

/* Begin XCRemoteSwiftPackageReference section */
		25A155502C54BFB80034EAC4 /* XCRemoteSwiftPackageReference "WhatsNewKit" */ = {
			isa = XCRemoteSwiftPackageReference;
			repositoryURL = "https://github.com/SvenTiigi/WhatsNewKit.git";
			requirement = {
				kind = upToNextMajorVersion;
				minimumVersion = 2.2.1;
			};
		};
/* End XCRemoteSwiftPackageReference section */

/* Begin XCSwiftPackageProductDependency section */
		25D420EA2C62FEE400B3556A /* WhatsNewKit */ = {
			isa = XCSwiftPackageProductDependency;
			package = 25A155502C54BFB80034EAC4 /* XCRemoteSwiftPackageReference "WhatsNewKit" */;
			productName = WhatsNewKit;
		};
/* End XCSwiftPackageProductDependency section */
	};
	rootObject = 25A155232C54BEAC0034EAC4 /* Project object */;
}
