{
  "originHash" : "63fcdb99df2322d38dc562fae4c6c3f2f08fff8e3fcd118e2387e32e383ce4c5",
  "pins" : [
    {
      "identity" : "whatsnewkit",
      "kind" : "remoteSourceControl",
      "location" : "https://github.com/SvenTiigi/WhatsNewKit.git",
      "state" : {
        "revision" : "6157c77e8be9b3d2310bc680681b61a8d9e290ac",
        "version" : "2.2.1"
      }
    }
  ],
  "version" : 3
}
